
Microsoft Visual Studio Solution File, Format Version 12.00
# Visual Studio 15
VisualStudioVersion = 15.0.28010.2048
MinimumVisualStudioVersion = 10.0.40219.1
Project("{FAE04EC0-301F-11D3-BF4B-00C04F79EFBC}") = "TGP.MVC.Movies", "TGP.MVC.Movies\TGP.MVC.Movies.csproj", "{EEC83DC4-71C8-48D2-8C49-46DE39EFDCF8}"
EndProject
Global
	GlobalSection(SolutionConfigurationPlatforms) = preSolution
		Debug|Any CPU = Debug|Any CPU
		Release|Any CPU = Release|Any CPU
	EndGlobalSection
	GlobalSection(ProjectConfigurationPlatforms) = postSolution
		{EEC83DC4-71C8-48D2-8C49-46DE39EFDCF8}.Debug|Any CPU.ActiveCfg = Debug|Any CPU
		{EEC83DC4-71C8-48D2-8C49-46DE39EFDCF8}.Debug|Any CPU.Build.0 = Debug|Any CPU
		{EEC83DC4-71C8-48D2-8C49-46DE39EFDCF8}.Release|Any CPU.ActiveCfg = Release|Any CPU
		{EEC83DC4-71C8-48D2-8C49-46DE39EFDCF8}.Release|Any CPU.Build.0 = Release|Any CPU
	EndGlobalSection
	GlobalSection(SolutionProperties) = preSolution
		HideSolutionNode = FALSE
	EndGlobalSection
	GlobalSection(ExtensibilityGlobals) = postSolution
		SolutionGuid = {2E4B6F88-93DD-414E-987C-5A955F9A6914}
	EndGlobalSection
EndGlobal
